// !$*UTF8*$!
{
	archiveVersion = 1;
	classes = {
	};
	objectVersion = 56;
	objects = {

/* Begin PBXBuildFile section */
		C093311A29AF4BBB00E6068C /* AppDelegate.swift in Sources */ = {isa = PBXBuildFile; fileRef = C093311929AF4BBB00E6068C /* AppDelegate.swift */; };
		C093311C29AF4BBB00E6068C /* SceneDelegate.swift in Sources */ = {isa = PBXBuildFile; fileRef = C093311B29AF4BBB00E6068C /* SceneDelegate.swift */; };
		C093311E29AF4BBB00E6068C /* RMTabBarController.swift in Sources */ = {isa = PBXBuildFile; fileRef = C093311D29AF4BBB00E6068C /* RMTabBarController.swift */; };
		C093312329AF4BBC00E6068C /* Assets.xcassets in Resources */ = {isa = PBXBuildFile; fileRef = C093312229AF4BBC00E6068C /* Assets.xcassets */; };
		C093312629AF4BBC00E6068C /* LaunchScreen.storyboard in Resources */ = {isa = PBXBuildFile; fileRef = C093312429AF4BBC00E6068C /* LaunchScreen.storyboard */; };
		C093313729AF4F9100E6068C /* RMLocation.swift in Sources */ = {isa = PBXBuildFile; fileRef = C093313629AF4F9100E6068C /* RMLocation.swift */; };
		C093313929AF4F9D00E6068C /* RMCharacter.swift in Sources */ = {isa = PBXBuildFile; fileRef = C093313829AF4F9D00E6068C /* RMCharacter.swift */; };
		C093313B29AF4FAA00E6068C /* RMEpisode.swift in Sources */ = {isa = PBXBuildFile; fileRef = C093313A29AF4FAA00E6068C /* RMEpisode.swift */; };
		C093313E29AF506700E6068C /* RMCharacterViewController.swift in Sources */ = {isa = PBXBuildFile; fileRef = C093313D29AF506700E6068C /* RMCharacterViewController.swift */; };
		C093314029AF507E00E6068C /* RMLocationViewController.swift in Sources */ = {isa = PBXBuildFile; fileRef = C093313F29AF507E00E6068C /* RMLocationViewController.swift */; };
		C093314229AF508C00E6068C /* RMEpisodeViewController.swift in Sources */ = {isa = PBXBuildFile; fileRef = C093314129AF508C00E6068C /* RMEpisodeViewController.swift */; };
		C093314429AF509600E6068C /* RMSettingsViewController.swift in Sources */ = {isa = PBXBuildFile; fileRef = C093314329AF509600E6068C /* RMSettingsViewController.swift */; };
		C093314629AF5E4D00E6068C /* RMService.swift in Sources */ = {isa = PBXBuildFile; fileRef = C093314529AF5E4D00E6068C /* RMService.swift */; };
		C093314829AF5E6500E6068C /* RMRequest.swift in Sources */ = {isa = PBXBuildFile; fileRef = C093314729AF5E6500E6068C /* RMRequest.swift */; };
		C093314A29AF5F2200E6068C /* RMEndpoint.swift in Sources */ = {isa = PBXBuildFile; fileRef = C093314929AF5F2200E6068C /* RMEndpoint.swift */; };
		C093314C29AF708C00E6068C /* RMOrigin.swift in Sources */ = {isa = PBXBuildFile; fileRef = C093314B29AF708C00E6068C /* RMOrigin.swift */; };
		C093314E29AF710E00E6068C /* RMSignleLocation.swift in Sources */ = {isa = PBXBuildFile; fileRef = C093314D29AF710E00E6068C /* RMSignleLocation.swift */; };
		C093315029AF71E500E6068C /* RMCharacterStatus.swift in Sources */ = {isa = PBXBuildFile; fileRef = C093314F29AF71E500E6068C /* RMCharacterStatus.swift */; };
		C093315229AF720E00E6068C /* RMCharacterGender.swift in Sources */ = {isa = PBXBuildFile; fileRef = C093315129AF720E00E6068C /* RMCharacterGender.swift */; };
/* End PBXBuildFile section */

/* Begin PBXFileReference section */
		C093311629AF4BBB00E6068C /* RickAndMorty.app */ = {isa = PBXFileReference; explicitFileType = wrapper.application; includeInIndex = 0; path = RickAndMorty.app; sourceTree = BUILT_PRODUCTS_DIR; };
		C093311929AF4BBB00E6068C /* AppDelegate.swift */ = {isa = PBXFileReference; lastKnownFileType = sourcecode.swift; path = AppDelegate.swift; sourceTree = "<group>"; };
		C093311B29AF4BBB00E6068C /* SceneDelegate.swift */ = {isa = PBXFileReference; lastKnownFileType = sourcecode.swift; path = SceneDelegate.swift; sourceTree = "<group>"; };
		C093311D29AF4BBB00E6068C /* RMTabBarController.swift */ = {isa = PBXFileReference; lastKnownFileType = sourcecode.swift; path = RMTabBarController.swift; sourceTree = "<group>"; };
		C093312229AF4BBC00E6068C /* Assets.xcassets */ = {isa = PBXFileReference; lastKnownFileType = folder.assetcatalog; path = Assets.xcassets; sourceTree = "<group>"; };
		C093312529AF4BBC00E6068C /* Base */ = {isa = PBXFileReference; lastKnownFileType = file.storyboard; name = Base; path = Base.lproj/LaunchScreen.storyboard; sourceTree = "<group>"; };
		C093312729AF4BBC00E6068C /* Info.plist */ = {isa = PBXFileReference; lastKnownFileType = text.plist.xml; path = Info.plist; sourceTree = "<group>"; };
		C093313629AF4F9100E6068C /* RMLocation.swift */ = {isa = PBXFileReference; lastKnownFileType = sourcecode.swift; path = RMLocation.swift; sourceTree = "<group>"; };
		C093313829AF4F9D00E6068C /* RMCharacter.swift */ = {isa = PBXFileReference; lastKnownFileType = sourcecode.swift; path = RMCharacter.swift; sourceTree = "<group>"; };
		C093313A29AF4FAA00E6068C /* RMEpisode.swift */ = {isa = PBXFileReference; lastKnownFileType = sourcecode.swift; path = RMEpisode.swift; sourceTree = "<group>"; };
		C093313D29AF506700E6068C /* RMCharacterViewController.swift */ = {isa = PBXFileReference; lastKnownFileType = sourcecode.swift; path = RMCharacterViewController.swift; sourceTree = "<group>"; };
		C093313F29AF507E00E6068C /* RMLocationViewController.swift */ = {isa = PBXFileReference; lastKnownFileType = sourcecode.swift; path = RMLocationViewController.swift; sourceTree = "<group>"; };
		C093314129AF508C00E6068C /* RMEpisodeViewController.swift */ = {isa = PBXFileReference; lastKnownFileType = sourcecode.swift; path = RMEpisodeViewController.swift; sourceTree = "<group>"; };
		C093314329AF509600E6068C /* RMSettingsViewController.swift */ = {isa = PBXFileReference; lastKnownFileType = sourcecode.swift; path = RMSettingsViewController.swift; sourceTree = "<group>"; };
		C093314529AF5E4D00E6068C /* RMService.swift */ = {isa = PBXFileReference; lastKnownFileType = sourcecode.swift; path = RMService.swift; sourceTree = "<group>"; };
		C093314729AF5E6500E6068C /* RMRequest.swift */ = {isa = PBXFileReference; lastKnownFileType = sourcecode.swift; path = RMRequest.swift; sourceTree = "<group>"; };
		C093314929AF5F2200E6068C /* RMEndpoint.swift */ = {isa = PBXFileReference; lastKnownFileType = sourcecode.swift; path = RMEndpoint.swift; sourceTree = "<group>"; };
		C093314B29AF708C00E6068C /* RMOrigin.swift */ = {isa = PBXFileReference; lastKnownFileType = sourcecode.swift; path = RMOrigin.swift; sourceTree = "<group>"; };
		C093314D29AF710E00E6068C /* RMSignleLocation.swift */ = {isa = PBXFileReference; lastKnownFileType = sourcecode.swift; path = RMSignleLocation.swift; sourceTree = "<group>"; };
		C093314F29AF71E500E6068C /* RMCharacterStatus.swift */ = {isa = PBXFileReference; lastKnownFileType = sourcecode.swift; path = RMCharacterStatus.swift; sourceTree = "<group>"; };
		C093315129AF720E00E6068C /* RMCharacterGender.swift */ = {isa = PBXFileReference; lastKnownFileType = sourcecode.swift; path = RMCharacterGender.swift; sourceTree = "<group>"; };
/* End PBXFileReference section */

/* Begin PBXFrameworksBuildPhase section */
		C093311329AF4BBB00E6068C /* Frameworks */ = {
			isa = PBXFrameworksBuildPhase;
			buildActionMask = 2147483647;
			files = (
			);
			runOnlyForDeploymentPostprocessing = 0;
		};
/* End PBXFrameworksBuildPhase section */

/* Begin PBXGroup section */
		C093310D29AF4BBB00E6068C = {
			isa = PBXGroup;
			children = (
				C093311829AF4BBB00E6068C /* RickAndMorty */,
				C093311729AF4BBB00E6068C /* Products */,
			);
			sourceTree = "<group>";
		};
		C093311729AF4BBB00E6068C /* Products */ = {
			isa = PBXGroup;
			children = (
				C093311629AF4BBB00E6068C /* RickAndMorty.app */,
			);
			name = Products;
			sourceTree = "<group>";
		};
		C093311829AF4BBB00E6068C /* RickAndMorty */ = {
			isa = PBXGroup;
			children = (
				C093313529AF4F0600E6068C /* Resources */,
				C093313429AF4EF900E6068C /* APIClient */,
				C093313229AF4EB500E6068C /* Managers */,
				C093313129AF4E9500E6068C /* ViewModels */,
				C093312F29AF4E8100E6068C /* Views */,
				C093312E29AF4E7800E6068C /* Models */,
				C093312D29AF4E6A00E6068C /* Controllers */,
				C093312729AF4BBC00E6068C /* Info.plist */,
			);
			path = RickAndMorty;
			sourceTree = "<group>";
		};
		C093312D29AF4E6A00E6068C /* Controllers */ = {
			isa = PBXGroup;
			children = (
				C093313C29AF501A00E6068C /* Core */,
			);
			path = Controllers;
			sourceTree = "<group>";
		};
		C093312E29AF4E7800E6068C /* Models */ = {
			isa = PBXGroup;
			children = (
				C093313629AF4F9100E6068C /* RMLocation.swift */,
				C093313829AF4F9D00E6068C /* RMCharacter.swift */,
				C093313A29AF4FAA00E6068C /* RMEpisode.swift */,
				C093314B29AF708C00E6068C /* RMOrigin.swift */,
				C093314D29AF710E00E6068C /* RMSignleLocation.swift */,
				C093314F29AF71E500E6068C /* RMCharacterStatus.swift */,
				C093315129AF720E00E6068C /* RMCharacterGender.swift */,
			);
			path = Models;
			sourceTree = "<group>";
		};
		C093312F29AF4E8100E6068C /* Views */ = {
			isa = PBXGroup;
			children = (
			);
			path = Views;
			sourceTree = "<group>";
		};
		C093313129AF4E9500E6068C /* ViewModels */ = {
			isa = PBXGroup;
			children = (
			);
			path = ViewModels;
			sourceTree = "<group>";
		};
		C093313229AF4EB500E6068C /* Managers */ = {
			isa = PBXGroup;
			children = (
			);
			path = Managers;
			sourceTree = "<group>";
		};
		C093313429AF4EF900E6068C /* APIClient */ = {
			isa = PBXGroup;
			children = (
				C093314529AF5E4D00E6068C /* RMService.swift */,
				C093314729AF5E6500E6068C /* RMRequest.swift */,
				C093314929AF5F2200E6068C /* RMEndpoint.swift */,
			);
			path = APIClient;
			sourceTree = "<group>";
		};
		C093313529AF4F0600E6068C /* Resources */ = {
			isa = PBXGroup;
			children = (
				C093311929AF4BBB00E6068C /* AppDelegate.swift */,
				C093311B29AF4BBB00E6068C /* SceneDelegate.swift */,
				C093312229AF4BBC00E6068C /* Assets.xcassets */,
				C093312429AF4BBC00E6068C /* LaunchScreen.storyboard */,
			);
			path = Resources;
			sourceTree = "<group>";
		};
		C093313C29AF501A00E6068C /* Core */ = {
			isa = PBXGroup;
			children = (
				C093311D29AF4BBB00E6068C /* RMTabBarController.swift */,
				C093313D29AF506700E6068C /* RMCharacterViewController.swift */,
				C093313F29AF507E00E6068C /* RMLocationViewController.swift */,
				C093314129AF508C00E6068C /* RMEpisodeViewController.swift */,
				C093314329AF509600E6068C /* RMSettingsViewController.swift */,
			);
			path = Core;
			sourceTree = "<group>";
		};
/* End PBXGroup section */

/* Begin PBXNativeTarget section */
		C093311529AF4BBB00E6068C /* RickAndMorty */ = {
			isa = PBXNativeTarget;
			buildConfigurationList = C093312A29AF4BBC00E6068C /* Build configuration list for PBXNativeTarget "RickAndMorty" */;
			buildPhases = (
				C093311229AF4BBB00E6068C /* Sources */,
				C093311329AF4BBB00E6068C /* Frameworks */,
				C093311429AF4BBB00E6068C /* Resources */,
			);
			buildRules = (
			);
			dependencies = (
			);
			name = RickAndMorty;
			productName = RickAndMorty;
			productReference = C093311629AF4BBB00E6068C /* RickAndMorty.app */;
			productType = "com.apple.product-type.application";
		};
/* End PBXNativeTarget section */

/* Begin PBXProject section */
		C093310E29AF4BBB00E6068C /* Project object */ = {
			isa = PBXProject;
			attributes = {
				BuildIndependentTargetsInParallel = 1;
				LastSwiftUpdateCheck = 1420;
				LastUpgradeCheck = 1420;
				TargetAttributes = {
					C093311529AF4BBB00E6068C = {
						CreatedOnToolsVersion = 14.2;
					};
				};
			};
			buildConfigurationList = C093311129AF4BBB00E6068C /* Build configuration list for PBXProject "RickAndMorty" */;
			compatibilityVersion = "Xcode 14.0";
			developmentRegion = en;
			hasScannedForEncodings = 0;
			knownRegions = (
				en,
				Base,
			);
			mainGroup = C093310D29AF4BBB00E6068C;
			productRefGroup = C093311729AF4BBB00E6068C /* Products */;
			projectDirPath = "";
			projectRoot = "";
			targets = (
				C093311529AF4BBB00E6068C /* RickAndMorty */,
			);
		};
/* End PBXProject section */

/* Begin PBXResourcesBuildPhase section */
		C093311429AF4BBB00E6068C /* Resources */ = {
			isa = PBXResourcesBuildPhase;
			buildActionMask = 2147483647;
			files = (
				C093312629AF4BBC00E6068C /* LaunchScreen.storyboard in Resources */,
				C093312329AF4BBC00E6068C /* Assets.xcassets in Resources */,
			);
			runOnlyForDeploymentPostprocessing = 0;
		};
/* End PBXResourcesBuildPhase section */

/* Begin PBXSourcesBuildPhase section */
		C093311229AF4BBB00E6068C /* Sources */ = {
			isa = PBXSourcesBuildPhase;
			buildActionMask = 2147483647;
			files = (
				C093314029AF507E00E6068C /* RMLocationViewController.swift in Sources */,
				C093313B29AF4FAA00E6068C /* RMEpisode.swift in Sources */,
				C093315029AF71E500E6068C /* RMCharacterStatus.swift in Sources */,
				C093315229AF720E00E6068C /* RMCharacterGender.swift in Sources */,
				C093311E29AF4BBB00E6068C /* RMTabBarController.swift in Sources */,
				C093314229AF508C00E6068C /* RMEpisodeViewController.swift in Sources */,
				C093314E29AF710E00E6068C /* RMSignleLocation.swift in Sources */,
				C093311A29AF4BBB00E6068C /* AppDelegate.swift in Sources */,
				C093311C29AF4BBB00E6068C /* SceneDelegate.swift in Sources */,
				C093314429AF509600E6068C /* RMSettingsViewController.swift in Sources */,
				C093314629AF5E4D00E6068C /* RMService.swift in Sources */,
				C093313729AF4F9100E6068C /* RMLocation.swift in Sources */,
				C093314C29AF708C00E6068C /* RMOrigin.swift in Sources */,
				C093314A29AF5F2200E6068C /* RMEndpoint.swift in Sources */,
				C093313929AF4F9D00E6068C /* RMCharacter.swift in Sources */,
				C093314829AF5E6500E6068C /* RMRequest.swift in Sources */,
				C093313E29AF506700E6068C /* RMCharacterViewController.swift in Sources */,
			);
			runOnlyForDeploymentPostprocessing = 0;
		};
/* End PBXSourcesBuildPhase section */

/* Begin PBXVariantGroup section */
		C093312429AF4BBC00E6068C /* LaunchScreen.storyboard */ = {
			isa = PBXVariantGroup;
			children = (
				C093312529AF4BBC00E6068C /* Base */,
			);
			name = LaunchScreen.storyboard;
			sourceTree = "<group>";
		};
/* End PBXVariantGroup section */

/* Begin XCBuildConfiguration section */
		C093312829AF4BBC00E6068C /* Debug */ = {
			isa = XCBuildConfiguration;
			buildSettings = {
				ALWAYS_SEARCH_USER_PATHS = NO;
				CLANG_ANALYZER_NONNULL = YES;
				CLANG_ANALYZER_NUMBER_OBJECT_CONVERSION = YES_AGGRESSIVE;
				CLANG_CXX_LANGUAGE_STANDARD = "gnu++20";
				CLANG_ENABLE_MODULES = YES;
				CLANG_ENABLE_OBJC_ARC = YES;
				CLANG_ENABLE_OBJC_WEAK = YES;
				CLANG_WARN_BLOCK_CAPTURE_AUTORELEASING = YES;
				CLANG_WARN_BOOL_CONVERSION = YES;
				CLANG_WARN_COMMA = YES;
				CLANG_WARN_CONSTANT_CONVERSION = YES;
				CLANG_WARN_DEPRECATED_OBJC_IMPLEMENTATIONS = YES;
				CLANG_WARN_DIRECT_OBJC_ISA_USAGE = YES_ERROR;
				CLANG_WARN_DOCUMENTATION_COMMENTS = YES;
				CLANG_WARN_EMPTY_BODY = YES;
				CLANG_WARN_ENUM_CONVERSION = YES;
				CLANG_WARN_INFINITE_RECURSION = YES;
				CLANG_WARN_INT_CONVERSION = YES;
				CLANG_WARN_NON_LITERAL_NULL_CONVERSION = YES;
				CLANG_WARN_OBJC_IMPLICIT_RETAIN_SELF = YES;
				CLANG_WARN_OBJC_LITERAL_CONVERSION = YES;
				CLANG_WARN_OBJC_ROOT_CLASS = YES_ERROR;
				CLANG_WARN_QUOTED_INCLUDE_IN_FRAMEWORK_HEADER = YES;
				CLANG_WARN_RANGE_LOOP_ANALYSIS = YES;
				CLANG_WARN_STRICT_PROTOTYPES = YES;
				CLANG_WARN_SUSPICIOUS_MOVE = YES;
				CLANG_WARN_UNGUARDED_AVAILABILITY = YES_AGGRESSIVE;
				CLANG_WARN_UNREACHABLE_CODE = YES;
				CLANG_WARN__DUPLICATE_METHOD_MATCH = YES;
				COPY_PHASE_STRIP = NO;
				DEBUG_INFORMATION_FORMAT = dwarf;
				ENABLE_STRICT_OBJC_MSGSEND = YES;
				ENABLE_TESTABILITY = YES;
				GCC_C_LANGUAGE_STANDARD = gnu11;
				GCC_DYNAMIC_NO_PIC = NO;
				GCC_NO_COMMON_BLOCKS = YES;
				GCC_OPTIMIZATION_LEVEL = 0;
				GCC_PREPROCESSOR_DEFINITIONS = (
					"DEBUG=1",
					"$(inherited)",
				);
				GCC_WARN_64_TO_32_BIT_CONVERSION = YES;
				GCC_WARN_ABOUT_RETURN_TYPE = YES_ERROR;
				GCC_WARN_UNDECLARED_SELECTOR = YES;
				GCC_WARN_UNINITIALIZED_AUTOS = YES_AGGRESSIVE;
				GCC_WARN_UNUSED_FUNCTION = YES;
				GCC_WARN_UNUSED_VARIABLE = YES;
				IPHONEOS_DEPLOYMENT_TARGET = 16.2;
				MTL_ENABLE_DEBUG_INFO = INCLUDE_SOURCE;
				MTL_FAST_MATH = YES;
				ONLY_ACTIVE_ARCH = YES;
				SDKROOT = iphoneos;
				SWIFT_ACTIVE_COMPILATION_CONDITIONS = DEBUG;
				SWIFT_OPTIMIZATION_LEVEL = "-Onone";
			};
			name = Debug;
		};
		C093312929AF4BBC00E6068C /* Release */ = {
			isa = XCBuildConfiguration;
			buildSettings = {
				ALWAYS_SEARCH_USER_PATHS = NO;
				CLANG_ANALYZER_NONNULL = YES;
				CLANG_ANALYZER_NUMBER_OBJECT_CONVERSION = YES_AGGRESSIVE;
				CLANG_CXX_LANGUAGE_STANDARD = "gnu++20";
				CLANG_ENABLE_MODULES = YES;
				CLANG_ENABLE_OBJC_ARC = YES;
				CLANG_ENABLE_OBJC_WEAK = YES;
				CLANG_WARN_BLOCK_CAPTURE_AUTORELEASING = YES;
				CLANG_WARN_BOOL_CONVERSION = YES;
				CLANG_WARN_COMMA = YES;
				CLANG_WARN_CONSTANT_CONVERSION = YES;
				CLANG_WARN_DEPRECATED_OBJC_IMPLEMENTATIONS = YES;
				CLANG_WARN_DIRECT_OBJC_ISA_USAGE = YES_ERROR;
				CLANG_WARN_DOCUMENTATION_COMMENTS = YES;
				CLANG_WARN_EMPTY_BODY = YES;
				CLANG_WARN_ENUM_CONVERSION = YES;
				CLANG_WARN_INFINITE_RECURSION = YES;
				CLANG_WARN_INT_CONVERSION = YES;
				CLANG_WARN_NON_LITERAL_NULL_CONVERSION = YES;
				CLANG_WARN_OBJC_IMPLICIT_RETAIN_SELF = YES;
				CLANG_WARN_OBJC_LITERAL_CONVERSION = YES;
				CLANG_WARN_OBJC_ROOT_CLASS = YES_ERROR;
				CLANG_WARN_QUOTED_INCLUDE_IN_FRAMEWORK_HEADER = YES;
				CLANG_WARN_RANGE_LOOP_ANALYSIS = YES;
				CLANG_WARN_STRICT_PROTOTYPES = YES;
				CLANG_WARN_SUSPICIOUS_MOVE = YES;
				CLANG_WARN_UNGUARDED_AVAILABILITY = YES_AGGRESSIVE;
				CLANG_WARN_UNREACHABLE_CODE = YES;
				CLANG_WARN__DUPLICATE_METHOD_MATCH = YES;
				COPY_PHASE_STRIP = NO;
				DEBUG_INFORMATION_FORMAT = "dwarf-with-dsym";
				ENABLE_NS_ASSERTIONS = NO;
				ENABLE_STRICT_OBJC_MSGSEND = YES;
				GCC_C_LANGUAGE_STANDARD = gnu11;
				GCC_NO_COMMON_BLOCKS = YES;
				GCC_WARN_64_TO_32_BIT_CONVERSION = YES;
				GCC_WARN_ABOUT_RETURN_TYPE = YES_ERROR;
				GCC_WARN_UNDECLARED_SELECTOR = YES;
				GCC_WARN_UNINITIALIZED_AUTOS = YES_AGGRESSIVE;
				GCC_WARN_UNUSED_FUNCTION = YES;
				GCC_WARN_UNUSED_VARIABLE = YES;
				IPHONEOS_DEPLOYMENT_TARGET = 16.2;
				MTL_ENABLE_DEBUG_INFO = NO;
				MTL_FAST_MATH = YES;
				SDKROOT = iphoneos;
				SWIFT_COMPILATION_MODE = wholemodule;
				SWIFT_OPTIMIZATION_LEVEL = "-O";
				VALIDATE_PRODUCT = YES;
			};
			name = Release;
		};
		C093312B29AF4BBC00E6068C /* Debug */ = {
			isa = XCBuildConfiguration;
			buildSettings = {
				ASSETCATALOG_COMPILER_APPICON_NAME = AppIcon;
				ASSETCATALOG_COMPILER_GLOBAL_ACCENT_COLOR_NAME = AccentColor;
				CODE_SIGN_STYLE = Automatic;
				CURRENT_PROJECT_VERSION = 1;
				GENERATE_INFOPLIST_FILE = YES;
				INFOPLIST_FILE = RickAndMorty/Info.plist;
				INFOPLIST_KEY_UIApplicationSupportsIndirectInputEvents = YES;
				INFOPLIST_KEY_UILaunchStoryboardName = LaunchScreen;
				INFOPLIST_KEY_UISupportedInterfaceOrientations_iPad = "UIInterfaceOrientationPortrait UIInterfaceOrientationPortraitUpsideDown UIInterfaceOrientationLandscapeLeft UIInterfaceOrientationLandscapeRight";
				INFOPLIST_KEY_UISupportedInterfaceOrientations_iPhone = "UIInterfaceOrientationPortrait UIInterfaceOrientationLandscapeLeft UIInterfaceOrientationLandscapeRight";
				LD_RUNPATH_SEARCH_PATHS = (
					"$(inherited)",
					"@executable_path/Frameworks",
				);
				MARKETING_VERSION = 1.0;
				PRODUCT_BUNDLE_IDENTIFIER = com.Phoenix.RickAndMorty;
				PRODUCT_NAME = "$(TARGET_NAME)";
				SWIFT_EMIT_LOC_STRINGS = YES;
				SWIFT_VERSION = 5.0;
				TARGETED_DEVICE_FAMILY = "1,2";
			};
			name = Debug;
		};
		C093312C29AF4BBC00E6068C /* Release */ = {
			isa = XCBuildConfiguration;
			buildSettings = {
				ASSETCATALOG_COMPILER_APPICON_NAME = AppIcon;
				ASSETCATALOG_COMPILER_GLOBAL_ACCENT_COLOR_NAME = AccentColor;
				CODE_SIGN_STYLE = Automatic;
				CURRENT_PROJECT_VERSION = 1;
				GENERATE_INFOPLIST_FILE = YES;
				INFOPLIST_FILE = RickAndMorty/Info.plist;
				INFOPLIST_KEY_UIApplicationSupportsIndirectInputEvents = YES;
				INFOPLIST_KEY_UILaunchStoryboardName = LaunchScreen;
				INFOPLIST_KEY_UISupportedInterfaceOrientations_iPad = "UIInterfaceOrientationPortrait UIInterfaceOrientationPortraitUpsideDown UIInterfaceOrientationLandscapeLeft UIInterfaceOrientationLandscapeRight";
				INFOPLIST_KEY_UISupportedInterfaceOrientations_iPhone = "UIInterfaceOrientationPortrait UIInterfaceOrientationLandscapeLeft UIInterfaceOrientationLandscapeRight";
				LD_RUNPATH_SEARCH_PATHS = (
					"$(inherited)",
					"@executable_path/Frameworks",
				);
				MARKETING_VERSION = 1.0;
				PRODUCT_BUNDLE_IDENTIFIER = com.Phoenix.RickAndMorty;
				PRODUCT_NAME = "$(TARGET_NAME)";
				SWIFT_EMIT_LOC_STRINGS = YES;
				SWIFT_VERSION = 5.0;
				TARGETED_DEVICE_FAMILY = "1,2";
			};
			name = Release;
		};
/* End XCBuildConfiguration section */

/* Begin XCConfigurationList section */
		C093311129AF4BBB00E6068C /* Build configuration list for PBXProject "RickAndMorty" */ = {
			isa = XCConfigurationList;
			buildConfigurations = (
				C093312829AF4BBC00E6068C /* Debug */,
				C093312929AF4BBC00E6068C /* Release */,
			);
			defaultConfigurationIsVisible = 0;
			defaultConfigurationName = Release;
		};
		C093312A29AF4BBC00E6068C /* Build configuration list for PBXNativeTarget "RickAndMorty" */ = {
			isa = XCConfigurationList;
			buildConfigurations = (
				C093312B29AF4BBC00E6068C /* Debug */,
				C093312C29AF4BBC00E6068C /* Release */,
			);
			defaultConfigurationIsVisible = 0;
			defaultConfigurationName = Release;
		};
/* End XCConfigurationList section */
	};
	rootObject = C093310E29AF4BBB00E6068C /* Project object */;
}
